
Microsoft Visual Studio Solution File, Format Version 12.00
# Visual Studio Version 16
VisualStudioVersion = 16.0.29123.88
MinimumVisualStudioVersion = 15.0.26124.0
Project("{9A19103F-16F7-4668-BE54-9A1E7A4F7556}") = "ChatNet.API", "ChatNet.API\ChatNet.API.csproj", "{8C818511-B8DF-4CED-BCB6-8D50B11D6D26}"
EndProject
Project("{2150E333-8FDC-42A3-9474-1A3956D46DE8}") = "Tests", "Tests", "{C32CD748-0117-4354-8312-8879BCABF390}"
EndProject
Project("{2150E333-8FDC-42A3-9474-1A3956D46DE8}") = "Core", "Core", "{5B2D732F-D593-4569-B1A4-3EE3DB8FF286}"
EndProject
Project("{9A19103F-16F7-4668-BE54-9A1E7A4F7556}") = "ChatNet.Application", "ChatNet.Application\ChatNet.Application.csproj", "{A2DD0A6D-197E-4399-8BFD-04570C8CF2CC}"
EndProject
Project("{9A19103F-16F7-4668-BE54-9A1E7A4F7556}") = "ChatNet.Domain", "ChatNet.Domain\ChatNet.Domain.csproj", "{F3687EF2-4E28-46A7-8BBE-BB5B6648000F}"
EndProject
Project("{2150E333-8FDC-42A3-9474-1A3956D46DE8}") = "Infrastructure", "Infrastructure", "{C7A2FB26-3C40-4461-9AC0-0408A0CACF0C}"
EndProject
Project("{9A19103F-16F7-4668-BE54-9A1E7A4F7556}") = "ChatNet.Persistence", "ChatNet.Persistence\ChatNet.Persistence.csproj", "{8048E3EA-D67B-4B92-A69C-AF95ED7D744E}"
EndProject
Project("{9A19103F-16F7-4668-BE54-9A1E7A4F7556}") = "ChatNet.Infrastructure", "ChatNet.Infrastructure\ChatNet.Infrastructure.csproj", "{67BCB953-5F08-41DD-A559-2F72961C721F}"
EndProject
Project("{9A19103F-16F7-4668-BE54-9A1E7A4F7556}") = "ChatNet.Identity", "ChatNet.Identity\ChatNet.Identity.csproj", "{475B225F-3D86-49DA-82E1-F41B426A31F0}"
EndProject
Global
	GlobalSection(SolutionConfigurationPlatforms) = preSolution
		Debug|Any CPU = Debug|Any CPU
		Debug|x64 = Debug|x64
		Debug|x86 = Debug|x86
		Release|Any CPU = Release|Any CPU
		Release|x64 = Release|x64
		Release|x86 = Release|x86
	EndGlobalSection
	GlobalSection(ProjectConfigurationPlatforms) = postSolution
		{8C818511-B8DF-4CED-BCB6-8D50B11D6D26}.Debug|Any CPU.ActiveCfg = Debug|Any CPU
		{8C818511-B8DF-4CED-BCB6-8D50B11D6D26}.Debug|Any CPU.Build.0 = Debug|Any CPU
		{8C818511-B8DF-4CED-BCB6-8D50B11D6D26}.Debug|x64.ActiveCfg = Debug|Any CPU
		{8C818511-B8DF-4CED-BCB6-8D50B11D6D26}.Debug|x64.Build.0 = Debug|Any CPU
		{8C818511-B8DF-4CED-BCB6-8D50B11D6D26}.Debug|x86.ActiveCfg = Debug|Any CPU
		{8C818511-B8DF-4CED-BCB6-8D50B11D6D26}.Debug|x86.Build.0 = Debug|Any CPU
		{8C818511-B8DF-4CED-BCB6-8D50B11D6D26}.Release|Any CPU.ActiveCfg = Release|Any CPU
		{8C818511-B8DF-4CED-BCB6-8D50B11D6D26}.Release|Any CPU.Build.0 = Release|Any CPU
		{8C818511-B8DF-4CED-BCB6-8D50B11D6D26}.Release|x64.ActiveCfg = Release|Any CPU
		{8C818511-B8DF-4CED-BCB6-8D50B11D6D26}.Release|x64.Build.0 = Release|Any CPU
		{8C818511-B8DF-4CED-BCB6-8D50B11D6D26}.Release|x86.ActiveCfg = Release|Any CPU
		{8C818511-B8DF-4CED-BCB6-8D50B11D6D26}.Release|x86.Build.0 = Release|Any CPU
		{A2DD0A6D-197E-4399-8BFD-04570C8CF2CC}.Debug|Any CPU.ActiveCfg = Debug|Any CPU
		{A2DD0A6D-197E-4399-8BFD-04570C8CF2CC}.Debug|Any CPU.Build.0 = Debug|Any CPU
		{A2DD0A6D-197E-4399-8BFD-04570C8CF2CC}.Debug|x64.ActiveCfg = Debug|Any CPU
		{A2DD0A6D-197E-4399-8BFD-04570C8CF2CC}.Debug|x64.Build.0 = Debug|Any CPU
		{A2DD0A6D-197E-4399-8BFD-04570C8CF2CC}.Debug|x86.ActiveCfg = Debug|Any CPU
		{A2DD0A6D-197E-4399-8BFD-04570C8CF2CC}.Debug|x86.Build.0 = Debug|Any CPU
		{A2DD0A6D-197E-4399-8BFD-04570C8CF2CC}.Release|Any CPU.ActiveCfg = Release|Any CPU
		{A2DD0A6D-197E-4399-8BFD-04570C8CF2CC}.Release|Any CPU.Build.0 = Release|Any CPU
		{A2DD0A6D-197E-4399-8BFD-04570C8CF2CC}.Release|x64.ActiveCfg = Release|Any CPU
		{A2DD0A6D-197E-4399-8BFD-04570C8CF2CC}.Release|x64.Build.0 = Release|Any CPU
		{A2DD0A6D-197E-4399-8BFD-04570C8CF2CC}.Release|x86.ActiveCfg = Release|Any CPU
		{A2DD0A6D-197E-4399-8BFD-04570C8CF2CC}.Release|x86.Build.0 = Release|Any CPU
		{F3687EF2-4E28-46A7-8BBE-BB5B6648000F}.Debug|Any CPU.ActiveCfg = Debug|Any CPU
		{F3687EF2-4E28-46A7-8BBE-BB5B6648000F}.Debug|Any CPU.Build.0 = Debug|Any CPU
		{F3687EF2-4E28-46A7-8BBE-BB5B6648000F}.Debug|x64.ActiveCfg = Debug|Any CPU
		{F3687EF2-4E28-46A7-8BBE-BB5B6648000F}.Debug|x64.Build.0 = Debug|Any CPU
		{F3687EF2-4E28-46A7-8BBE-BB5B6648000F}.Debug|x86.ActiveCfg = Debug|Any CPU
		{F3687EF2-4E28-46A7-8BBE-BB5B6648000F}.Debug|x86.Build.0 = Debug|Any CPU
		{F3687EF2-4E28-46A7-8BBE-BB5B6648000F}.Release|Any CPU.ActiveCfg = Release|Any CPU
		{F3687EF2-4E28-46A7-8BBE-BB5B6648000F}.Release|Any CPU.Build.0 = Release|Any CPU
		{F3687EF2-4E28-46A7-8BBE-BB5B6648000F}.Release|x64.ActiveCfg = Release|Any CPU
		{F3687EF2-4E28-46A7-8BBE-BB5B6648000F}.Release|x64.Build.0 = Release|Any CPU
		{F3687EF2-4E28-46A7-8BBE-BB5B6648000F}.Release|x86.ActiveCfg = Release|Any CPU
		{F3687EF2-4E28-46A7-8BBE-BB5B6648000F}.Release|x86.Build.0 = Release|Any CPU
		{8048E3EA-D67B-4B92-A69C-AF95ED7D744E}.Debug|Any CPU.ActiveCfg = Debug|Any CPU
		{8048E3EA-D67B-4B92-A69C-AF95ED7D744E}.Debug|Any CPU.Build.0 = Debug|Any CPU
		{8048E3EA-D67B-4B92-A69C-AF95ED7D744E}.Debug|x64.ActiveCfg = Debug|Any CPU
		{8048E3EA-D67B-4B92-A69C-AF95ED7D744E}.Debug|x64.Build.0 = Debug|Any CPU
		{8048E3EA-D67B-4B92-A69C-AF95ED7D744E}.Debug|x86.ActiveCfg = Debug|Any CPU
		{8048E3EA-D67B-4B92-A69C-AF95ED7D744E}.Debug|x86.Build.0 = Debug|Any CPU
		{8048E3EA-D67B-4B92-A69C-AF95ED7D744E}.Release|Any CPU.ActiveCfg = Release|Any CPU
		{8048E3EA-D67B-4B92-A69C-AF95ED7D744E}.Release|Any CPU.Build.0 = Release|Any CPU
		{8048E3EA-D67B-4B92-A69C-AF95ED7D744E}.Release|x64.ActiveCfg = Release|Any CPU
		{8048E3EA-D67B-4B92-A69C-AF95ED7D744E}.Release|x64.Build.0 = Release|Any CPU
		{8048E3EA-D67B-4B92-A69C-AF95ED7D744E}.Release|x86.ActiveCfg = Release|Any CPU
		{8048E3EA-D67B-4B92-A69C-AF95ED7D744E}.Release|x86.Build.0 = Release|Any CPU
		{67BCB953-5F08-41DD-A559-2F72961C721F}.Debug|Any CPU.ActiveCfg = Debug|Any CPU
		{67BCB953-5F08-41DD-A559-2F72961C721F}.Debug|Any CPU.Build.0 = Debug|Any CPU
		{67BCB953-5F08-41DD-A559-2F72961C721F}.Debug|x64.ActiveCfg = Debug|Any CPU
		{67BCB953-5F08-41DD-A559-2F72961C721F}.Debug|x64.Build.0 = Debug|Any CPU
		{67BCB953-5F08-41DD-A559-2F72961C721F}.Debug|x86.ActiveCfg = Debug|Any CPU
		{67BCB953-5F08-41DD-A559-2F72961C721F}.Debug|x86.Build.0 = Debug|Any CPU
		{67BCB953-5F08-41DD-A559-2F72961C721F}.Release|Any CPU.ActiveCfg = Release|Any CPU
		{67BCB953-5F08-41DD-A559-2F72961C721F}.Release|Any CPU.Build.0 = Release|Any CPU
		{67BCB953-5F08-41DD-A559-2F72961C721F}.Release|x64.ActiveCfg = Release|Any CPU
		{67BCB953-5F08-41DD-A559-2F72961C721F}.Release|x64.Build.0 = Release|Any CPU
		{67BCB953-5F08-41DD-A559-2F72961C721F}.Release|x86.ActiveCfg = Release|Any CPU
		{67BCB953-5F08-41DD-A559-2F72961C721F}.Release|x86.Build.0 = Release|Any CPU
		{475B225F-3D86-49DA-82E1-F41B426A31F0}.Debug|Any CPU.ActiveCfg = Debug|Any CPU
		{475B225F-3D86-49DA-82E1-F41B426A31F0}.Debug|Any CPU.Build.0 = Debug|Any CPU
		{475B225F-3D86-49DA-82E1-F41B426A31F0}.Debug|x64.ActiveCfg = Debug|Any CPU
		{475B225F-3D86-49DA-82E1-F41B426A31F0}.Debug|x64.Build.0 = Debug|Any CPU
		{475B225F-3D86-49DA-82E1-F41B426A31F0}.Debug|x86.ActiveCfg = Debug|Any CPU
		{475B225F-3D86-49DA-82E1-F41B426A31F0}.Debug|x86.Build.0 = Debug|Any CPU
		{475B225F-3D86-49DA-82E1-F41B426A31F0}.Release|Any CPU.ActiveCfg = Release|Any CPU
		{475B225F-3D86-49DA-82E1-F41B426A31F0}.Release|Any CPU.Build.0 = Release|Any CPU
		{475B225F-3D86-49DA-82E1-F41B426A31F0}.Release|x64.ActiveCfg = Release|Any CPU
		{475B225F-3D86-49DA-82E1-F41B426A31F0}.Release|x64.Build.0 = Release|Any CPU
		{475B225F-3D86-49DA-82E1-F41B426A31F0}.Release|x86.ActiveCfg = Release|Any CPU
		{475B225F-3D86-49DA-82E1-F41B426A31F0}.Release|x86.Build.0 = Release|Any CPU
	EndGlobalSection
	GlobalSection(SolutionProperties) = preSolution
		HideSolutionNode = FALSE
	EndGlobalSection
	GlobalSection(NestedProjects) = preSolution
		{A2DD0A6D-197E-4399-8BFD-04570C8CF2CC} = {5B2D732F-D593-4569-B1A4-3EE3DB8FF286}
		{F3687EF2-4E28-46A7-8BBE-BB5B6648000F} = {5B2D732F-D593-4569-B1A4-3EE3DB8FF286}
		{8048E3EA-D67B-4B92-A69C-AF95ED7D744E} = {C7A2FB26-3C40-4461-9AC0-0408A0CACF0C}
		{67BCB953-5F08-41DD-A559-2F72961C721F} = {C7A2FB26-3C40-4461-9AC0-0408A0CACF0C}
	EndGlobalSection
	GlobalSection(ExtensibilityGlobals) = postSolution
		SolutionGuid = {A4A75B98-4B9D-47FB-8BA5-4333D3E465E0}
	EndGlobalSection
EndGlobal
